<?xml version="1.0" encoding="utf-8"?>
<Project ToolsVersion="4.0" xmlns="http://schemas.microsoft.com/developer/msbuild/2003">
  <ItemGroup>
    <Filter Include="Source Files">
      <UniqueIdentifier>{4FC737F1-C7A5-4376-A066-2A32D752A2FF}</UniqueIdentifier>
      <Extensions>cpp;c;cc;cxx;def;odl;idl;hpj;bat;asm;asmx</Extensions>
    </Filter>
    <Filter Include="Header Files">
      <UniqueIdentifier>{93995380-89BD-4b04-88EB-625FBE52EBFB}</UniqueIdentifier>
      <Extensions>h;hpp;hxx;hm;inl;inc;xsd</Extensions>
    </Filter>
    <Filter Include="Resource Files">
      <UniqueIdentifier>{67DA6AB6-F800-4c08-8B7A-83BB121AAD01}</UniqueIdentifier>
      <Extensions>rc;ico;cur;bmp;dlg;rc2;rct;bin;rgs;gif;jpg;jpeg;jpe;resx;tiff;tif;png;wav;mfcribbon-ms</Extensions>
    </Filter>
  </ItemGroup>
  <ItemGroup>
    <ClInclude Include="include\aitank.h">
      <Filter>Header Files</Filter>
    </ClInclude>
    <ClInclude Include="include\boundingBox.h">
      <Filter>Header Files</Filter>
    </ClInclude>
    <ClInclude Include="include\game.h">
      <Filter>Header Files</Filter>
    </ClInclude>
    <ClInclude Include="include\obstacle.h">
      <Filter>Header Files</Filter>
    </ClInclude>
    <ClInclude Include="include\playerTank.h">
      <Filter>Header Files</Filter>
    </ClInclude>
    <ClInclude Include="include\position.h">
      <Filter>Header Files</Filter>
    </ClInclude>
    <ClInclude Include="include\shell.h">
      <Filter>Header Files</Filter>
    </ClInclude>
    <ClInclude Include="include\tank.h">
      <Filter>Header Files</Filter>
    </ClInclude>
    <ClInclude Include="include\DumbTank.h">
      <Filter>Header Files</Filter>
    </ClInclude>
    <ClInclude Include="smartTank.h">
      <Filter>Header Files</Filter>
    </ClInclude>
    <ClInclude Include="map.h">
      <Filter>Header Files</Filter>
    </ClInclude>
    <ClInclude Include="node.h">
      <Filter>Header Files</Filter>
    </ClInclude>
    <ClInclude Include="defs.h">
      <Filter>Header Files</Filter>
    </ClInclude>
  </ItemGroup>
  <ItemGroup>
    <ClCompile Include="src\aitank.cpp">
      <Filter>Source Files</Filter>
    </ClCompile>
    <ClCompile Include="src\boundingBox.cpp">
      <Filter>Source Files</Filter>
    </ClCompile>
    <ClCompile Include="src\game.cpp">
      <Filter>Source Files</Filter>
    </ClCompile>
    <ClCompile Include="src\main.cpp">
      <Filter>Source Files</Filter>
    </ClCompile>
    <ClCompile Include="src\obstacle.cpp">
      <Filter>Source Files</Filter>
    </ClCompile>
    <ClCompile Include="src\playerTank.cpp">
      <Filter>Source Files</Filter>
    </ClCompile>
    <ClCompile Include="src\shell.cpp">
      <Filter>Source Files</Filter>
    </ClCompile>
    <ClCompile Include="src\tank.cpp">
      <Filter>Source Files</Filter>
    </ClCompile>
    <ClCompile Include="src\DumbTank.cpp">
      <Filter>Source Files</Filter>
    </ClCompile>
    <ClCompile Include="smartTank.cpp">
      <Filter>Source Files</Filter>
    </ClCompile>
    <ClCompile Include="map.cpp">
      <Filter>Source Files</Filter>
    </ClCompile>
    <ClCompile Include="node.cpp">
      <Filter>Source Files</Filter>
    </ClCompile>
  </ItemGroup>
</Project>